
Microsoft Visual Studio Solution File, Format Version 12.00
# Visual Studio Version 16
VisualStudioVersion = 16.0.30717.126
MinimumVisualStudioVersion = 10.0.40219.1
Project("{FAE04EC0-301F-11D3-BF4B-00C04F79EFBC}") = "XamarinAwesomeApp.Android", "XamarinAwesomeApp.Android\XamarinAwesomeApp.Android.csproj", "{53F809B2-0029-4C7C-B0E5-7315BD14CFB3}"
EndProject
Project("{FAE04EC0-301F-11D3-BF4B-00C04F79EFBC}") = "XamarinAwesomeApp.iOS", "XamarinAwesomeApp.iOS\XamarinAwesomeApp.iOS.csproj", "{DA6CA22F-488E-47CE-88BF-6D74896E412B}"
EndProject
Project("{FAE04EC0-301F-11D3-BF4B-00C04F79EFBC}") = "XamarinAwesomeApp", "XamarinAwesomeApp\XamarinAwesomeApp.csproj", "{3DC9E02D-CC0D-407A-9615-B7784C1A49F2}"
EndProject
Global
	GlobalSection(SolutionConfigurationPlatforms) = preSolution
		Debug|Any CPU = Debug|Any CPU
		Debug|iPhone = Debug|iPhone
		Debug|iPhoneSimulator = Debug|iPhoneSimulator
		Release|Any CPU = Release|Any CPU
		Release|iPhone = Release|iPhone
		Release|iPhoneSimulator = Release|iPhoneSimulator
	EndGlobalSection
	GlobalSection(ProjectConfigurationPlatforms) = postSolution
		{53F809B2-0029-4C7C-B0E5-7315BD14CFB3}.Debug|Any CPU.ActiveCfg = Debug|Any CPU
		{53F809B2-0029-4C7C-B0E5-7315BD14CFB3}.Debug|Any CPU.Build.0 = Debug|Any CPU
		{53F809B2-0029-4C7C-B0E5-7315BD14CFB3}.Debug|Any CPU.Deploy.0 = Debug|Any CPU
		{53F809B2-0029-4C7C-B0E5-7315BD14CFB3}.Debug|iPhone.ActiveCfg = Debug|Any CPU
		{53F809B2-0029-4C7C-B0E5-7315BD14CFB3}.Debug|iPhone.Build.0 = Debug|Any CPU
		{53F809B2-0029-4C7C-B0E5-7315BD14CFB3}.Debug|iPhone.Deploy.0 = Debug|Any CPU
		{53F809B2-0029-4C7C-B0E5-7315BD14CFB3}.Debug|iPhoneSimulator.ActiveCfg = Debug|Any CPU
		{53F809B2-0029-4C7C-B0E5-7315BD14CFB3}.Debug|iPhoneSimulator.Build.0 = Debug|Any CPU
		{53F809B2-0029-4C7C-B0E5-7315BD14CFB3}.Debug|iPhoneSimulator.Deploy.0 = Debug|Any CPU
		{53F809B2-0029-4C7C-B0E5-7315BD14CFB3}.Release|Any CPU.ActiveCfg = Release|Any CPU
		{53F809B2-0029-4C7C-B0E5-7315BD14CFB3}.Release|Any CPU.Build.0 = Release|Any CPU
		{53F809B2-0029-4C7C-B0E5-7315BD14CFB3}.Release|Any CPU.Deploy.0 = Release|Any CPU
		{53F809B2-0029-4C7C-B0E5-7315BD14CFB3}.Release|iPhone.ActiveCfg = Release|Any CPU
		{53F809B2-0029-4C7C-B0E5-7315BD14CFB3}.Release|iPhone.Build.0 = Release|Any CPU
		{53F809B2-0029-4C7C-B0E5-7315BD14CFB3}.Release|iPhone.Deploy.0 = Release|Any CPU
		{53F809B2-0029-4C7C-B0E5-7315BD14CFB3}.Release|iPhoneSimulator.ActiveCfg = Release|Any CPU
		{53F809B2-0029-4C7C-B0E5-7315BD14CFB3}.Release|iPhoneSimulator.Build.0 = Release|Any CPU
		{53F809B2-0029-4C7C-B0E5-7315BD14CFB3}.Release|iPhoneSimulator.Deploy.0 = Release|Any CPU
		{DA6CA22F-488E-47CE-88BF-6D74896E412B}.Debug|Any CPU.ActiveCfg = Debug|iPhone
		{DA6CA22F-488E-47CE-88BF-6D74896E412B}.Debug|Any CPU.Build.0 = Debug|iPhone
		{DA6CA22F-488E-47CE-88BF-6D74896E412B}.Debug|Any CPU.Deploy.0 = Debug|iPhone
		{DA6CA22F-488E-47CE-88BF-6D74896E412B}.Debug|iPhone.ActiveCfg = Debug|iPhone
		{DA6CA22F-488E-47CE-88BF-6D74896E412B}.Debug|iPhone.Build.0 = Debug|iPhone
		{DA6CA22F-488E-47CE-88BF-6D74896E412B}.Debug|iPhone.Deploy.0 = Debug|iPhone
		{DA6CA22F-488E-47CE-88BF-6D74896E412B}.Debug|iPhoneSimulator.ActiveCfg = Debug|iPhoneSimulator
		{DA6CA22F-488E-47CE-88BF-6D74896E412B}.Debug|iPhoneSimulator.Build.0 = Debug|iPhoneSimulator
		{DA6CA22F-488E-47CE-88BF-6D74896E412B}.Debug|iPhoneSimulator.Deploy.0 = Debug|iPhoneSimulator
		{DA6CA22F-488E-47CE-88BF-6D74896E412B}.Release|Any CPU.ActiveCfg = Release|iPhoneSimulator
		{DA6CA22F-488E-47CE-88BF-6D74896E412B}.Release|Any CPU.Build.0 = Release|iPhoneSimulator
		{DA6CA22F-488E-47CE-88BF-6D74896E412B}.Release|Any CPU.Deploy.0 = Release|iPhoneSimulator
		{DA6CA22F-488E-47CE-88BF-6D74896E412B}.Release|iPhone.ActiveCfg = Release|iPhone
		{DA6CA22F-488E-47CE-88BF-6D74896E412B}.Release|iPhone.Build.0 = Release|iPhone
		{DA6CA22F-488E-47CE-88BF-6D74896E412B}.Release|iPhone.Deploy.0 = Release|iPhone
		{DA6CA22F-488E-47CE-88BF-6D74896E412B}.Release|iPhoneSimulator.ActiveCfg = Release|iPhoneSimulator
		{DA6CA22F-488E-47CE-88BF-6D74896E412B}.Release|iPhoneSimulator.Build.0 = Release|iPhoneSimulator
		{DA6CA22F-488E-47CE-88BF-6D74896E412B}.Release|iPhoneSimulator.Deploy.0 = Release|iPhoneSimulator
		{3DC9E02D-CC0D-407A-9615-B7784C1A49F2}.Debug|Any CPU.ActiveCfg = Debug|Any CPU
		{3DC9E02D-CC0D-407A-9615-B7784C1A49F2}.Debug|Any CPU.Build.0 = Debug|Any CPU
		{3DC9E02D-CC0D-407A-9615-B7784C1A49F2}.Debug|Any CPU.Deploy.0 = Debug|Any CPU
		{3DC9E02D-CC0D-407A-9615-B7784C1A49F2}.Debug|iPhone.ActiveCfg = Debug|Any CPU
		{3DC9E02D-CC0D-407A-9615-B7784C1A49F2}.Debug|iPhone.Build.0 = Debug|Any CPU
		{3DC9E02D-CC0D-407A-9615-B7784C1A49F2}.Debug|iPhone.Deploy.0 = Debug|Any CPU
		{3DC9E02D-CC0D-407A-9615-B7784C1A49F2}.Debug|iPhoneSimulator.ActiveCfg = Debug|Any CPU
		{3DC9E02D-CC0D-407A-9615-B7784C1A49F2}.Debug|iPhoneSimulator.Build.0 = Debug|Any CPU
		{3DC9E02D-CC0D-407A-9615-B7784C1A49F2}.Debug|iPhoneSimulator.Deploy.0 = Debug|Any CPU
		{3DC9E02D-CC0D-407A-9615-B7784C1A49F2}.Release|Any CPU.ActiveCfg = Release|Any CPU
		{3DC9E02D-CC0D-407A-9615-B7784C1A49F2}.Release|Any CPU.Build.0 = Release|Any CPU
		{3DC9E02D-CC0D-407A-9615-B7784C1A49F2}.Release|Any CPU.Deploy.0 = Release|Any CPU
		{3DC9E02D-CC0D-407A-9615-B7784C1A49F2}.Release|iPhone.ActiveCfg = Release|Any CPU
		{3DC9E02D-CC0D-407A-9615-B7784C1A49F2}.Release|iPhone.Build.0 = Release|Any CPU
		{3DC9E02D-CC0D-407A-9615-B7784C1A49F2}.Release|iPhone.Deploy.0 = Release|Any CPU
		{3DC9E02D-CC0D-407A-9615-B7784C1A49F2}.Release|iPhoneSimulator.ActiveCfg = Release|Any CPU
		{3DC9E02D-CC0D-407A-9615-B7784C1A49F2}.Release|iPhoneSimulator.Build.0 = Release|Any CPU
		{3DC9E02D-CC0D-407A-9615-B7784C1A49F2}.Release|iPhoneSimulator.Deploy.0 = Release|Any CPU
	EndGlobalSection
	GlobalSection(SolutionProperties) = preSolution
		HideSolutionNode = FALSE
	EndGlobalSection
	GlobalSection(ExtensibilityGlobals) = postSolution
		SolutionGuid = {D9EC25D2-00B9-44D6-88CC-915BDE1A56DE}
	EndGlobalSection
EndGlobal
